{
  "name": "ssapp-template",
  "version": "1.0.0",
  "lockfileVersion": 1,
  "requires": true,
  "dependencies": {
    "octopus": {
      "version": "git+https://github.com/PrivateSky/octopus.git#2c163ac8f65369a8465d3165c5522830b7a6dcd1",
      "from": "git+https://github.com/PrivateSky/octopus.git"
    }
  }
}
